
Microsoft Visual Studio Solution File, Format Version 12.00
# Visual Studio Version 17
VisualStudioVersion = 17.12.35527.113
MinimumVisualStudioVersion = 10.0.40219.1
Project("{FAE04EC0-301F-11D3-BF4B-00C04F79EFBC}") = "SecurityReferenceMaster", "SecurityReferenceMaster\SecurityReferenceMaster.csproj", "{B26F31A9-2EB0-4305-BA68-0D0EB8BFDECE}"
EndProject
Project("{FAE04EC0-301F-11D3-BF4B-00C04F79EFBC}") = "DataAccessObjects", "DataAccessObjects\DataAccessObjects.csproj", "{280A02D2-B6C0-4EBD-B466-39369BE8659D}"
EndProject
Global
	GlobalSection(SolutionConfigurationPlatforms) = preSolution
		Debug|Any CPU = Debug|Any CPU
		Release|Any CPU = Release|Any CPU
	EndGlobalSection
	GlobalSection(ProjectConfigurationPlatforms) = postSolution
		{B26F31A9-2EB0-4305-BA68-0D0EB8BFDECE}.Debug|Any CPU.ActiveCfg = Debug|Any CPU
		{B26F31A9-2EB0-4305-BA68-0D0EB8BFDECE}.Debug|Any CPU.Build.0 = Debug|Any CPU
		{B26F31A9-2EB0-4305-BA68-0D0EB8BFDECE}.Release|Any CPU.ActiveCfg = Release|Any CPU
		{B26F31A9-2EB0-4305-BA68-0D0EB8BFDECE}.Release|Any CPU.Build.0 = Release|Any CPU
		{280A02D2-B6C0-4EBD-B466-39369BE8659D}.Debug|Any CPU.ActiveCfg = Debug|Any CPU
		{280A02D2-B6C0-4EBD-B466-39369BE8659D}.Debug|Any CPU.Build.0 = Debug|Any CPU
		{280A02D2-B6C0-4EBD-B466-39369BE8659D}.Release|Any CPU.ActiveCfg = Release|Any CPU
		{280A02D2-B6C0-4EBD-B466-39369BE8659D}.Release|Any CPU.Build.0 = Release|Any CPU
	EndGlobalSection
	GlobalSection(SolutionProperties) = preSolution
		HideSolutionNode = FALSE
	EndGlobalSection
EndGlobal
